
Microsoft Visual Studio Solution File, Format Version 12.00
# Visual Studio Version 17
VisualStudioVersion = 17.13.35919.96 d17.13
MinimumVisualStudioVersion = 10.0.40219.1
Project("{FAE04EC0-301F-11D3-BF4B-00C04F79EFBC}") = "StringLibrary", "StringLibrary\StringLibrary.csproj", "{4C66151A-17C9-4A42-9DA8-CF9001B194D0}"
EndProject
Project("{FAE04EC0-301F-11D3-BF4B-00C04F79EFBC}") = "ShowCase", "ShowCase\ShowCase.csproj", "{087CC238-E3FE-4B85-94C9-20FF8CE66B29}"
EndProject
Global
	GlobalSection(SolutionConfigurationPlatforms) = preSolution
		Debug|Any CPU = Debug|Any CPU
		Release|Any CPU = Release|Any CPU
	EndGlobalSection
	GlobalSection(ProjectConfigurationPlatforms) = postSolution
		{4C66151A-17C9-4A42-9DA8-CF9001B194D0}.Debug|Any CPU.ActiveCfg = Debug|Any CPU
		{4C66151A-17C9-4A42-9DA8-CF9001B194D0}.Debug|Any CPU.Build.0 = Debug|Any CPU
		{4C66151A-17C9-4A42-9DA8-CF9001B194D0}.Release|Any CPU.ActiveCfg = Release|Any CPU
		{4C66151A-17C9-4A42-9DA8-CF9001B194D0}.Release|Any CPU.Build.0 = Release|Any CPU
		{087CC238-E3FE-4B85-94C9-20FF8CE66B29}.Debug|Any CPU.ActiveCfg = Debug|Any CPU
		{087CC238-E3FE-4B85-94C9-20FF8CE66B29}.Debug|Any CPU.Build.0 = Debug|Any CPU
		{087CC238-E3FE-4B85-94C9-20FF8CE66B29}.Release|Any CPU.ActiveCfg = Release|Any CPU
		{087CC238-E3FE-4B85-94C9-20FF8CE66B29}.Release|Any CPU.Build.0 = Release|Any CPU
	EndGlobalSection
	GlobalSection(SolutionProperties) = preSolution
		HideSolutionNode = FALSE
	EndGlobalSection
	GlobalSection(ExtensibilityGlobals) = postSolution
		SolutionGuid = {E160E8EF-4178-47BE-B5CA-AC54B077481C}
	EndGlobalSection
EndGlobal
